
Microsoft Visual Studio Solution File, Format Version 12.00
# Visual Studio Version 17
VisualStudioVersion = 17.4.33403.182
MinimumVisualStudioVersion = 10.0.40219.1
Project("{FAE04EC0-301F-11D3-BF4B-00C04F79EFBC}") = "Almaz.AssetManagement.Web", "Almaz.AssetManagement\Almaz.AssetManagement.Web\Almaz.AssetManagement.Web.csproj", "{31136F90-6056-4211-9449-D96463E4FCA2}"
EndProject
Project("{FAE04EC0-301F-11D3-BF4B-00C04F79EFBC}") = "Almaz.AssetManagement.Domain", "Almaz.AssetManagement\Almaz.AssetManagement.Domain\Almaz.AssetManagement.Domain.csproj", "{C763C03F-6DD5-467D-8264-EB04AE68D893}"
EndProject
Project("{FAE04EC0-301F-11D3-BF4B-00C04F79EFBC}") = "Almaz.AssetManagement.Infrastructure", "Almaz.AssetManagement\Almaz.AssetManagement.Infrastructure\Almaz.AssetManagement.Infrastructure.csproj", "{F6B678ED-7419-4F32-92A1-F3203539DD1D}"
EndProject
Global
	GlobalSection(SolutionConfigurationPlatforms) = preSolution
		Debug|Any CPU = Debug|Any CPU
		Release|Any CPU = Release|Any CPU
	EndGlobalSection
	GlobalSection(ProjectConfigurationPlatforms) = postSolution
		{31136F90-6056-4211-9449-D96463E4FCA2}.Debug|Any CPU.ActiveCfg = Debug|Any CPU
		{31136F90-6056-4211-9449-D96463E4FCA2}.Debug|Any CPU.Build.0 = Debug|Any CPU
		{31136F90-6056-4211-9449-D96463E4FCA2}.Release|Any CPU.ActiveCfg = Release|Any CPU
		{31136F90-6056-4211-9449-D96463E4FCA2}.Release|Any CPU.Build.0 = Release|Any CPU
		{C763C03F-6DD5-467D-8264-EB04AE68D893}.Debug|Any CPU.ActiveCfg = Debug|Any CPU
		{C763C03F-6DD5-467D-8264-EB04AE68D893}.Debug|Any CPU.Build.0 = Debug|Any CPU
		{C763C03F-6DD5-467D-8264-EB04AE68D893}.Release|Any CPU.ActiveCfg = Release|Any CPU
		{C763C03F-6DD5-467D-8264-EB04AE68D893}.Release|Any CPU.Build.0 = Release|Any CPU
		{F6B678ED-7419-4F32-92A1-F3203539DD1D}.Debug|Any CPU.ActiveCfg = Debug|Any CPU
		{F6B678ED-7419-4F32-92A1-F3203539DD1D}.Debug|Any CPU.Build.0 = Debug|Any CPU
		{F6B678ED-7419-4F32-92A1-F3203539DD1D}.Release|Any CPU.ActiveCfg = Release|Any CPU
		{F6B678ED-7419-4F32-92A1-F3203539DD1D}.Release|Any CPU.Build.0 = Release|Any CPU
	EndGlobalSection
	GlobalSection(SolutionProperties) = preSolution
		HideSolutionNode = FALSE
	EndGlobalSection
	GlobalSection(ExtensibilityGlobals) = postSolution
		SolutionGuid = {4D4ABEA2-AC9C-4F29-B527-3CB3714D4A17}
	EndGlobalSection
EndGlobal
